
Microsoft Visual Studio Solution File, Format Version 12.00
# Visual Studio Version 16
VisualStudioVersion = 16.0.31624.102
MinimumVisualStudioVersion = 10.0.40219.1
Project("{FAE04EC0-301F-11D3-BF4B-00C04F79EFBC}") = "UnlockPattern2", "UnlockPattern2.csproj", "{C3760EA3-F387-4FCE-8ACC-E87D3E6D667B}"
EndProject
Global
	GlobalSection(SolutionConfigurationPlatforms) = preSolution
		Debug|Any CPU = Debug|Any CPU
		Release|Any CPU = Release|Any CPU
	EndGlobalSection
	GlobalSection(ProjectConfigurationPlatforms) = postSolution
		{C3760EA3-F387-4FCE-8ACC-E87D3E6D667B}.Debug|Any CPU.ActiveCfg = Debug|Any CPU
		{C3760EA3-F387-4FCE-8ACC-E87D3E6D667B}.Debug|Any CPU.Build.0 = Debug|Any CPU
		{C3760EA3-F387-4FCE-8ACC-E87D3E6D667B}.Release|Any CPU.ActiveCfg = Release|Any CPU
		{C3760EA3-F387-4FCE-8ACC-E87D3E6D667B}.Release|Any CPU.Build.0 = Release|Any CPU
	EndGlobalSection
	GlobalSection(SolutionProperties) = preSolution
		HideSolutionNode = FALSE
	EndGlobalSection
	GlobalSection(ExtensibilityGlobals) = postSolution
		SolutionGuid = {8BF30E9B-164B-4D4E-889D-F86E5F9EAD67}
	EndGlobalSection
EndGlobal
